// !$*UTF8*$!
{
	archiveVersion = 1;
	classes = {
	};
	objectVersion = 46;
	objects = {

/* Begin PBXBuildFile section */
		B908127A1B652053005F5E4E /* main.m in Sources */ = {isa = PBXBuildFile; fileRef = B90812791B652053005F5E4E /* main.m */; };
		B908127D1B652053005F5E4E /* AppDelegate.m in Sources */ = {isa = PBXBuildFile; fileRef = B908127C1B652053005F5E4E /* AppDelegate.m */; };
		B90812801B652053005F5E4E /* ViewController.m in Sources */ = {isa = PBXBuildFile; fileRef = B908127F1B652053005F5E4E /* ViewController.m */; };
		B90812831B652053005F5E4E /* Main.storyboard in Resources */ = {isa = PBXBuildFile; fileRef = B90812811B652053005F5E4E /* Main.storyboard */; };
		B90812851B652053005F5E4E /* Images.xcassets in Resources */ = {isa = PBXBuildFile; fileRef = B90812841B652053005F5E4E /* Images.xcassets */; };
		B90812881B652053005F5E4E /* LaunchScreen.xib in Resources */ = {isa = PBXBuildFile; fileRef = B90812861B652053005F5E4E /* LaunchScreen.xib */; };
		B90812941B652053005F5E4E /* myBooksTests.m in Sources */ = {isa = PBXBuildFile; fileRef = B90812931B652053005F5E4E /* myBooksTests.m */; };
		B908129F1B6522AD005F5E4E /* LibrosImprescindibles.m in Sources */ = {isa = PBXBuildFile; fileRef = B908129E1B6522AD005F5E4E /* LibrosImprescindibles.m */; };
		B90812A01B6522AD005F5E4E /* LibrosImprescindibles.m in Sources */ = {isa = PBXBuildFile; fileRef = B908129E1B6522AD005F5E4E /* LibrosImprescindibles.m */; };
		B952AD631B6A450B00BCAF03 /* InformationOfBooksViewController.m in Sources */ = {isa = PBXBuildFile; fileRef = B952AD621B6A450B00BCAF03 /* InformationOfBooksViewController.m */; };
		B952AD641B6A450B00BCAF03 /* InformationOfBooksViewController.m in Sources */ = {isa = PBXBuildFile; fileRef = B952AD621B6A450B00BCAF03 /* InformationOfBooksViewController.m */; };
/* End PBXBuildFile section */

/* Begin PBXContainerItemProxy section */
		B908128E1B652053005F5E4E /* PBXContainerItemProxy */ = {
			isa = PBXContainerItemProxy;
			containerPortal = B908126C1B652053005F5E4E /* Project object */;
			proxyType = 1;
			remoteGlobalIDString = B90812731B652053005F5E4E;
			remoteInfo = myBooks;
		};
/* End PBXContainerItemProxy section */

/* Begin PBXFileReference section */
		B90812741B652053005F5E4E /* myBooks.app */ = {isa = PBXFileReference; explicitFileType = wrapper.application; includeInIndex = 0; path = myBooks.app; sourceTree = BUILT_PRODUCTS_DIR; };
		B90812781B652053005F5E4E /* Info.plist */ = {isa = PBXFileReference; lastKnownFileType = text.plist.xml; path = Info.plist; sourceTree = "<group>"; };
		B90812791B652053005F5E4E /* main.m */ = {isa = PBXFileReference; lastKnownFileType = sourcecode.c.objc; path = main.m; sourceTree = "<group>"; };
		B908127B1B652053005F5E4E /* AppDelegate.h */ = {isa = PBXFileReference; lastKnownFileType = sourcecode.c.h; path = AppDelegate.h; sourceTree = "<group>"; };
		B908127C1B652053005F5E4E /* AppDelegate.m */ = {isa = PBXFileReference; lastKnownFileType = sourcecode.c.objc; path = AppDelegate.m; sourceTree = "<group>"; };
		B908127E1B652053005F5E4E /* ViewController.h */ = {isa = PBXFileReference; lastKnownFileType = sourcecode.c.h; path = ViewController.h; sourceTree = "<group>"; };
		B908127F1B652053005F5E4E /* ViewController.m */ = {isa = PBXFileReference; lastKnownFileType = sourcecode.c.objc; path = ViewController.m; sourceTree = "<group>"; };
		B90812821B652053005F5E4E /* Base */ = {isa = PBXFileReference; lastKnownFileType = file.storyboard; name = Base; path = Base.lproj/Main.storyboard; sourceTree = "<group>"; };
		B90812841B652053005F5E4E /* Images.xcassets */ = {isa = PBXFileReference; lastKnownFileType = folder.assetcatalog; path = Images.xcassets; sourceTree = "<group>"; };
		B90812871B652053005F5E4E /* Base */ = {isa = PBXFileReference; lastKnownFileType = file.xib; name = Base; path = Base.lproj/LaunchScreen.xib; sourceTree = "<group>"; };
		B908128D1B652053005F5E4E /* myBooksTests.xctest */ = {isa = PBXFileReference; explicitFileType = wrapper.cfbundle; includeInIndex = 0; path = myBooksTests.xctest; sourceTree = BUILT_PRODUCTS_DIR; };
		B90812921B652053005F5E4E /* Info.plist */ = {isa = PBXFileReference; lastKnownFileType = text.plist.xml; path = Info.plist; sourceTree = "<group>"; };
		B90812931B652053005F5E4E /* myBooksTests.m */ = {isa = PBXFileReference; lastKnownFileType = sourcecode.c.objc; path = myBooksTests.m; sourceTree = "<group>"; };
		B908129D1B6522AD005F5E4E /* LibrosImprescindibles.h */ = {isa = PBXFileReference; fileEncoding = 4; lastKnownFileType = sourcecode.c.h; path = LibrosImprescindibles.h; sourceTree = "<group>"; };
		B908129E1B6522AD005F5E4E /* LibrosImprescindibles.m */ = {isa = PBXFileReference; fileEncoding = 4; lastKnownFileType = sourcecode.c.objc; path = LibrosImprescindibles.m; sourceTree = "<group>"; };
		B952AD611B6A450B00BCAF03 /* InformationOfBooksViewController.h */ = {isa = PBXFileReference; fileEncoding = 4; lastKnownFileType = sourcecode.c.h; path = InformationOfBooksViewController.h; sourceTree = "<group>"; };
		B952AD621B6A450B00BCAF03 /* InformationOfBooksViewController.m */ = {isa = PBXFileReference; fileEncoding = 4; lastKnownFileType = sourcecode.c.objc; path = InformationOfBooksViewController.m; sourceTree = "<group>"; };
/* End PBXFileReference section */

/* Begin PBXFrameworksBuildPhase section */
		B90812711B652053005F5E4E /* Frameworks */ = {
			isa = PBXFrameworksBuildPhase;
			buildActionMask = 2147483647;
			files = (
			);
			runOnlyForDeploymentPostprocessing = 0;
		};
		B908128A1B652053005F5E4E /* Frameworks */ = {
			isa = PBXFrameworksBuildPhase;
			buildActionMask = 2147483647;
			files = (
			);
			runOnlyForDeploymentPostprocessing = 0;
		};
/* End PBXFrameworksBuildPhase section */

/* Begin PBXGroup section */
		B908126B1B652053005F5E4E = {
			isa = PBXGroup;
			children = (
				B90812761B652053005F5E4E /* myBooks */,
				B90812901B652053005F5E4E /* myBooksTests */,
				B90812751B652053005F5E4E /* Products */,
			);
			sourceTree = "<group>";
		};
		B90812751B652053005F5E4E /* Products */ = {
			isa = PBXGroup;
			children = (
				B90812741B652053005F5E4E /* myBooks.app */,
				B908128D1B652053005F5E4E /* myBooksTests.xctest */,
			);
			name = Products;
			sourceTree = "<group>";
		};
		B90812761B652053005F5E4E /* myBooks */ = {
			isa = PBXGroup;
			children = (
				B908127B1B652053005F5E4E /* AppDelegate.h */,
				B908127C1B652053005F5E4E /* AppDelegate.m */,
				B908127E1B652053005F5E4E /* ViewController.h */,
				B908127F1B652053005F5E4E /* ViewController.m */,
				B952AD611B6A450B00BCAF03 /* InformationOfBooksViewController.h */,
				B952AD621B6A450B00BCAF03 /* InformationOfBooksViewController.m */,
				B908129D1B6522AD005F5E4E /* LibrosImprescindibles.h */,
				B908129E1B6522AD005F5E4E /* LibrosImprescindibles.m */,
				B90812811B652053005F5E4E /* Main.storyboard */,
				B90812841B652053005F5E4E /* Images.xcassets */,
				B90812861B652053005F5E4E /* LaunchScreen.xib */,
				B90812771B652053005F5E4E /* Supporting Files */,
			);
			path = myBooks;
			sourceTree = "<group>";
		};
		B90812771B652053005F5E4E /* Supporting Files */ = {
			isa = PBXGroup;
			children = (
				B90812781B652053005F5E4E /* Info.plist */,
				B90812791B652053005F5E4E /* main.m */,
			);
			name = "Supporting Files";
			sourceTree = "<group>";
		};
		B90812901B652053005F5E4E /* myBooksTests */ = {
			isa = PBXGroup;
			children = (
				B90812931B652053005F5E4E /* myBooksTests.m */,
				B90812911B652053005F5E4E /* Supporting Files */,
			);
			path = myBooksTests;
			sourceTree = "<group>";
		};
		B90812911B652053005F5E4E /* Supporting Files */ = {
			isa = PBXGroup;
			children = (
				B90812921B652053005F5E4E /* Info.plist */,
			);
			name = "Supporting Files";
			sourceTree = "<group>";
		};
/* End PBXGroup section */

/* Begin PBXNativeTarget section */
		B90812731B652053005F5E4E /* myBooks */ = {
			isa = PBXNativeTarget;
			buildConfigurationList = B90812971B652053005F5E4E /* Build configuration list for PBXNativeTarget "myBooks" */;
			buildPhases = (
				B90812701B652053005F5E4E /* Sources */,
				B90812711B652053005F5E4E /* Frameworks */,
				B90812721B652053005F5E4E /* Resources */,
			);
			buildRules = (
			);
			dependencies = (
			);
			name = myBooks;
			productName = myBooks;
			productReference = B90812741B652053005F5E4E /* myBooks.app */;
			productType = "com.apple.product-type.application";
		};
		B908128C1B652053005F5E4E /* myBooksTests */ = {
			isa = PBXNativeTarget;
			buildConfigurationList = B908129A1B652053005F5E4E /* Build configuration list for PBXNativeTarget "myBooksTests" */;
			buildPhases = (
				B90812891B652053005F5E4E /* Sources */,
				B908128A1B652053005F5E4E /* Frameworks */,
				B908128B1B652053005F5E4E /* Resources */,
			);
			buildRules = (
			);
			dependencies = (
				B908128F1B652053005F5E4E /* PBXTargetDependency */,
			);
			name = myBooksTests;
			productName = myBooksTests;
			productReference = B908128D1B652053005F5E4E /* myBooksTests.xctest */;
			productType = "com.apple.product-type.bundle.unit-test";
		};
/* End PBXNativeTarget section */

/* Begin PBXProject section */
		B908126C1B652053005F5E4E /* Project object */ = {
			isa = PBXProject;
			attributes = {
				LastUpgradeCheck = 0640;
				ORGANIZATIONNAME = JuanMorillios;
				TargetAttributes = {
					B90812731B652053005F5E4E = {
						CreatedOnToolsVersion = 6.4;
					};
					B908128C1B652053005F5E4E = {
						CreatedOnToolsVersion = 6.4;
						TestTargetID = B90812731B652053005F5E4E;
					};
				};
			};
			buildConfigurationList = B908126F1B652053005F5E4E /* Build configuration list for PBXProject "myBooks" */;
			compatibilityVersion = "Xcode 3.2";
			developmentRegion = English;
			hasScannedForEncodings = 0;
			knownRegions = (
				en,
				Base,
			);
			mainGroup = B908126B1B652053005F5E4E;
			productRefGroup = B90812751B652053005F5E4E /* Products */;
			projectDirPath = "";
			projectRoot = "";
			targets = (
				B90812731B652053005F5E4E /* myBooks */,
				B908128C1B652053005F5E4E /* myBooksTests */,
			);
		};
/* End PBXProject section */

/* Begin PBXResourcesBuildPhase section */
		B90812721B652053005F5E4E /* Resources */ = {
			isa = PBXResourcesBuildPhase;
			buildActionMask = 2147483647;
			files = (
				B90812831B652053005F5E4E /* Main.storyboard in Resources */,
				B90812881B652053005F5E4E /* LaunchScreen.xib in Resources */,
				B90812851B652053005F5E4E /* Images.xcassets in Resources */,
			);
			runOnlyForDeploymentPostprocessing = 0;
		};
		B908128B1B652053005F5E4E /* Resources */ = {
			isa = PBXResourcesBuildPhase;
			buildActionMask = 2147483647;
			files = (
			);
			runOnlyForDeploymentPostprocessing = 0;
		};
/* End PBXResourcesBuildPhase section */

/* Begin PBXSourcesBuildPhase section */
		B90812701B652053005F5E4E /* Sources */ = {
			isa = PBXSourcesBuildPhase;
			buildActionMask = 2147483647;
			files = (
				B90812801B652053005F5E4E /* ViewController.m in Sources */,
				B908127D1B652053005F5E4E /* AppDelegate.m in Sources */,
				B952AD631B6A450B00BCAF03 /* InformationOfBooksViewController.m in Sources */,
				B908129F1B6522AD005F5E4E /* LibrosImprescindibles.m in Sources */,
				B908127A1B652053005F5E4E /* main.m in Sources */,
			);
			runOnlyForDeploymentPostprocessing = 0;
		};
		B90812891B652053005F5E4E /* Sources */ = {
			isa = PBXSourcesBuildPhase;
			buildActionMask = 2147483647;
			files = (
				B90812A01B6522AD005F5E4E /* LibrosImprescindibles.m in Sources */,
				B90812941B652053005F5E4E /* myBooksTests.m in Sources */,
				B952AD641B6A450B00BCAF03 /* InformationOfBooksViewController.m in Sources */,
			);
			runOnlyForDeploymentPostprocessing = 0;
		};
/* End PBXSourcesBuildPhase section */

/* Begin PBXTargetDependency section */
		B908128F1B652053005F5E4E /* PBXTargetDependency */ = {
			isa = PBXTargetDependency;
			target = B90812731B652053005F5E4E /* myBooks */;
			targetProxy = B908128E1B652053005F5E4E /* PBXContainerItemProxy */;
		};
/* End PBXTargetDependency section */

/* Begin PBXVariantGroup section */
		B90812811B652053005F5E4E /* Main.storyboard */ = {
			isa = PBXVariantGroup;
			children = (
				B90812821B652053005F5E4E /* Base */,
			);
			name = Main.storyboard;
			sourceTree = "<group>";
		};
		B90812861B652053005F5E4E /* LaunchScreen.xib */ = {
			isa = PBXVariantGroup;
			children = (
				B90812871B652053005F5E4E /* Base */,
			);
			name = LaunchScreen.xib;
			sourceTree = "<group>";
		};
/* End PBXVariantGroup section */

/* Begin XCBuildConfiguration section */
		B90812951B652053005F5E4E /* Debug */ = {
			isa = XCBuildConfiguration;
			buildSettings = {
				ALWAYS_SEARCH_USER_PATHS = NO;
				CLANG_CXX_LANGUAGE_STANDARD = "gnu++0x";
				CLANG_CXX_LIBRARY = "libc++";
				CLANG_ENABLE_MODULES = YES;
				CLANG_ENABLE_OBJC_ARC = YES;
				CLANG_WARN_BOOL_CONVERSION = YES;
				CLANG_WARN_CONSTANT_CONVERSION = YES;
				CLANG_WARN_DIRECT_OBJC_ISA_USAGE = YES_ERROR;
				CLANG_WARN_EMPTY_BODY = YES;
				CLANG_WARN_ENUM_CONVERSION = YES;
				CLANG_WARN_INT_CONVERSION = YES;
				CLANG_WARN_OBJC_ROOT_CLASS = YES_ERROR;
				CLANG_WARN_UNREACHABLE_CODE = YES;
				CLANG_WARN__DUPLICATE_METHOD_MATCH = YES;
				"CODE_SIGN_IDENTITY[sdk=iphoneos*]" = "iPhone Developer";
				COPY_PHASE_STRIP = NO;
				DEBUG_INFORMATION_FORMAT = "dwarf-with-dsym";
				ENABLE_STRICT_OBJC_MSGSEND = YES;
				GCC_C_LANGUAGE_STANDARD = gnu99;
				GCC_DYNAMIC_NO_PIC = NO;
				GCC_NO_COMMON_BLOCKS = YES;
				GCC_OPTIMIZATION_LEVEL = 0;
				GCC_PREPROCESSOR_DEFINITIONS = (
					"DEBUG=1",
					"$(inherited)",
				);
				GCC_SYMBOLS_PRIVATE_EXTERN = NO;
				GCC_WARN_64_TO_32_BIT_CONVERSION = YES;
				GCC_WARN_ABOUT_RETURN_TYPE = YES_ERROR;
				GCC_WARN_UNDECLARED_SELECTOR = YES;
				GCC_WARN_UNINITIALIZED_AUTOS = YES_AGGRESSIVE;
				GCC_WARN_UNUSED_FUNCTION = YES;
				GCC_WARN_UNUSED_VARIABLE = YES;
				IPHONEOS_DEPLOYMENT_TARGET = 8.4;
				MTL_ENABLE_DEBUG_INFO = YES;
				ONLY_ACTIVE_ARCH = YES;
				SDKROOT = iphoneos;
			};
			name = Debug;
		};
		B90812961B652053005F5E4E /* Release */ = {
			isa = XCBuildConfiguration;
			buildSettings = {
				ALWAYS_SEARCH_USER_PATHS = NO;
				CLANG_CXX_LANGUAGE_STANDARD = "gnu++0x";
				CLANG_CXX_LIBRARY = "libc++";
				CLANG_ENABLE_MODULES = YES;
				CLANG_ENABLE_OBJC_ARC = YES;
				CLANG_WARN_BOOL_CONVERSION = YES;
				CLANG_WARN_CONSTANT_CONVERSION = YES;
				CLANG_WARN_DIRECT_OBJC_ISA_USAGE = YES_ERROR;
				CLANG_WARN_EMPTY_BODY = YES;
				CLANG_WARN_ENUM_CONVERSION = YES;
				CLANG_WARN_INT_CONVERSION = YES;
				CLANG_WARN_OBJC_ROOT_CLASS = YES_ERROR;
				CLANG_WARN_UNREACHABLE_CODE = YES;
				CLANG_WARN__DUPLICATE_METHOD_MATCH = YES;
				"CODE_SIGN_IDENTITY[sdk=iphoneos*]" = "iPhone Developer";
				COPY_PHASE_STRIP = NO;
				DEBUG_INFORMATION_FORMAT = "dwarf-with-dsym";
				ENABLE_NS_ASSERTIONS = NO;
				ENABLE_STRICT_OBJC_MSGSEND = YES;
				GCC_C_LANGUAGE_STANDARD = gnu99;
				GCC_NO_COMMON_BLOCKS = YES;
				GCC_WARN_64_TO_32_BIT_CONVERSION = YES;
				GCC_WARN_ABOUT_RETURN_TYPE = YES_ERROR;
				GCC_WARN_UNDECLARED_SELECTOR = YES;
				GCC_WARN_UNINITIALIZED_AUTOS = YES_AGGRESSIVE;
				GCC_WARN_UNUSED_FUNCTION = YES;
				GCC_WARN_UNUSED_VARIABLE = YES;
				IPHONEOS_DEPLOYMENT_TARGET = 8.4;
				MTL_ENABLE_DEBUG_INFO = NO;
				SDKROOT = iphoneos;
				VALIDATE_PRODUCT = YES;
			};
			name = Release;
		};
		B90812981B652053005F5E4E /* Debug */ = {
			isa = XCBuildConfiguration;
			buildSettings = {
				ASSETCATALOG_COMPILER_APPICON_NAME = AppIcon;
				INFOPLIST_FILE = myBooks/Info.plist;
				LD_RUNPATH_SEARCH_PATHS = "$(inherited) @executable_path/Frameworks";
				PRODUCT_NAME = "$(TARGET_NAME)";
			};
			name = Debug;
		};
		B90812991B652053005F5E4E /* Release */ = {
			isa = XCBuildConfiguration;
			buildSettings = {
				ASSETCATALOG_COMPILER_APPICON_NAME = AppIcon;
				INFOPLIST_FILE = myBooks/Info.plist;
				LD_RUNPATH_SEARCH_PATHS = "$(inherited) @executable_path/Frameworks";
				PRODUCT_NAME = "$(TARGET_NAME)";
			};
			name = Release;
		};
		B908129B1B652053005F5E4E /* Debug */ = {
			isa = XCBuildConfiguration;
			buildSettings = {
				BUNDLE_LOADER = "$(TEST_HOST)";
				FRAMEWORK_SEARCH_PATHS = (
					"$(SDKROOT)/Developer/Library/Frameworks",
					"$(inherited)",
				);
				GCC_PREPROCESSOR_DEFINITIONS = (
					"DEBUG=1",
					"$(inherited)",
				);
				INFOPLIST_FILE = myBooksTests/Info.plist;
				LD_RUNPATH_SEARCH_PATHS = "$(inherited) @executable_path/Frameworks @loader_path/Frameworks";
				PRODUCT_NAME = "$(TARGET_NAME)";
				TEST_HOST = "$(BUILT_PRODUCTS_DIR)/myBooks.app/myBooks";
			};
			name = Debug;
		};
		B908129C1B652053005F5E4E /* Release */ = {
			isa = XCBuildConfiguration;
			buildSettings = {
				BUNDLE_LOADER = "$(TEST_HOST)";
				FRAMEWORK_SEARCH_PATHS = (
					"$(SDKROOT)/Developer/Library/Frameworks",
					"$(inherited)",
				);
				INFOPLIST_FILE = myBooksTests/Info.plist;
				LD_RUNPATH_SEARCH_PATHS = "$(inherited) @executable_path/Frameworks @loader_path/Frameworks";
				PRODUCT_NAME = "$(TARGET_NAME)";
				TEST_HOST = "$(BUILT_PRODUCTS_DIR)/myBooks.app/myBooks";
			};
			name = Release;
		};
/* End XCBuildConfiguration section */

/* Begin XCConfigurationList section */
		B908126F1B652053005F5E4E /* Build configuration list for PBXProject "myBooks" */ = {
			isa = XCConfigurationList;
			buildConfigurations = (
				B90812951B652053005F5E4E /* Debug */,
				B90812961B652053005F5E4E /* Release */,
			);
			defaultConfigurationIsVisible = 0;
			defaultConfigurationName = Release;
		};
		B90812971B652053005F5E4E /* Build configuration list for PBXNativeTarget "myBooks" */ = {
			isa = XCConfigurationList;
			buildConfigurations = (
				B90812981B652053005F5E4E /* Debug */,
				B90812991B652053005F5E4E /* Release */,
			);
			defaultConfigurationIsVisible = 0;
			defaultConfigurationName = Release;
		};
		B908129A1B652053005F5E4E /* Build configuration list for PBXNativeTarget "myBooksTests" */ = {
			isa = XCConfigurationList;
			buildConfigurations = (
				B908129B1B652053005F5E4E /* Debug */,
				B908129C1B652053005F5E4E /* Release */,
			);
			defaultConfigurationIsVisible = 0;
			defaultConfigurationName = Release;
		};
/* End XCConfigurationList section */
	};
	rootObject = B908126C1B652053005F5E4E /* Project object */;
}
